
Microsoft Visual Studio Solution File, Format Version 12.00
# Visual Studio Version 17
VisualStudioVersion = 17.0.32112.339
MinimumVisualStudioVersion = 10.0.40219.1
Project("{FAE04EC0-301F-11D3-BF4B-00C04F79EFBC}") = "TODO-LIST", "TODO-LIST\TODO-LIST.csproj", "{B8BDB730-048A-4204-BB83-90AC01B27927}"
EndProject
Global
	GlobalSection(SolutionConfigurationPlatforms) = preSolution
		Debug|Any CPU = Debug|Any CPU
		Release|Any CPU = Release|Any CPU
	EndGlobalSection
	GlobalSection(ProjectConfigurationPlatforms) = postSolution
		{B8BDB730-048A-4204-BB83-90AC01B27927}.Debug|Any CPU.ActiveCfg = Debug|Any CPU
		{B8BDB730-048A-4204-BB83-90AC01B27927}.Debug|Any CPU.Build.0 = Debug|Any CPU
		{B8BDB730-048A-4204-BB83-90AC01B27927}.Release|Any CPU.ActiveCfg = Release|Any CPU
		{B8BDB730-048A-4204-BB83-90AC01B27927}.Release|Any CPU.Build.0 = Release|Any CPU
	EndGlobalSection
	GlobalSection(SolutionProperties) = preSolution
		HideSolutionNode = FALSE
	EndGlobalSection
	GlobalSection(ExtensibilityGlobals) = postSolution
		SolutionGuid = {93F5158C-36A4-4211-8FD3-D96CE24586BD}
	EndGlobalSection
EndGlobal
